// !$*UTF8*$!
{
	archiveVersion = 1;
	classes = {
	};
	objectVersion = 56;
	objects = {

/* Begin PBXBuildFile section */
		D10F6AD32AE5306A00D37946 /* AppDelegate.swift in Sources */ = {isa = PBXBuildFile; fileRef = D10F6AD22AE5306A00D37946 /* AppDelegate.swift */; };
		D10F6AD72AE5306A00D37946 /* ViewController.swift in Sources */ = {isa = PBXBuildFile; fileRef = D10F6AD62AE5306A00D37946 /* ViewController.swift */; };
		D10F6ADC2AE5306B00D37946 /* Assets.xcassets in Resources */ = {isa = PBXBuildFile; fileRef = D10F6ADB2AE5306B00D37946 /* Assets.xcassets */; };
		D10F6ADF2AE5306B00D37946 /* LaunchScreen.storyboard in Resources */ = {isa = PBXBuildFile; fileRef = D10F6ADD2AE5306B00D37946 /* LaunchScreen.storyboard */; };
		D10F6AE72AE5311B00D37946 /* GoogleService-Info.plist in Resources */ = {isa = PBXBuildFile; fileRef = D10F6AE62AE5311B00D37946 /* GoogleService-Info.plist */; };
		D10F6AEA2AE531A500D37946 /* FirebaseAnalytics in Frameworks */ = {isa = PBXBuildFile; productRef = D10F6AE92AE531A500D37946 /* FirebaseAnalytics */; };
		D10F6AEC2AE531A500D37946 /* FirebaseAnalyticsOnDeviceConversion in Frameworks */ = {isa = PBXBuildFile; productRef = D10F6AEB2AE531A500D37946 /* FirebaseAnalyticsOnDeviceConversion */; };
		D10F6AEE2AE531A500D37946 /* FirebaseAnalyticsSwift in Frameworks */ = {isa = PBXBuildFile; productRef = D10F6AED2AE531A500D37946 /* FirebaseAnalyticsSwift */; };
		D10F6AF02AE531A500D37946 /* FirebaseAnalyticsWithoutAdIdSupport in Frameworks */ = {isa = PBXBuildFile; productRef = D10F6AEF2AE531A500D37946 /* FirebaseAnalyticsWithoutAdIdSupport */; };
		D10F6AF22AE531A500D37946 /* FirebaseAppCheck in Frameworks */ = {isa = PBXBuildFile; productRef = D10F6AF12AE531A500D37946 /* FirebaseAppCheck */; };
		D10F6AF52AE532E300D37946 /* FirebaseCrashlytics in Frameworks */ = {isa = PBXBuildFile; productRef = D10F6AF42AE532E300D37946 /* FirebaseCrashlytics */; };
		D10F6AF92AE534A100D37946 /* SnapKit in Frameworks */ = {isa = PBXBuildFile; productRef = D10F6AF82AE534A100D37946 /* SnapKit */; };
		D10F6AFB2AE534A100D37946 /* SnapKit-Dynamic in Frameworks */ = {isa = PBXBuildFile; productRef = D10F6AFA2AE534A100D37946 /* SnapKit-Dynamic */; };
/* End PBXBuildFile section */

/* Begin PBXFileReference section */
		D10F6ACF2AE5306A00D37946 /* iOSCrashlyticsChallenge.app */ = {isa = PBXFileReference; explicitFileType = wrapper.application; includeInIndex = 0; path = iOSCrashlyticsChallenge.app; sourceTree = BUILT_PRODUCTS_DIR; };
		D10F6AD22AE5306A00D37946 /* AppDelegate.swift */ = {isa = PBXFileReference; lastKnownFileType = sourcecode.swift; path = AppDelegate.swift; sourceTree = "<group>"; };
		D10F6AD62AE5306A00D37946 /* ViewController.swift */ = {isa = PBXFileReference; lastKnownFileType = sourcecode.swift; path = ViewController.swift; sourceTree = "<group>"; };
		D10F6ADB2AE5306B00D37946 /* Assets.xcassets */ = {isa = PBXFileReference; lastKnownFileType = folder.assetcatalog; path = Assets.xcassets; sourceTree = "<group>"; };
		D10F6ADE2AE5306B00D37946 /* Base */ = {isa = PBXFileReference; lastKnownFileType = file.storyboard; name = Base; path = Base.lproj/LaunchScreen.storyboard; sourceTree = "<group>"; };
		D10F6AE02AE5306B00D37946 /* Info.plist */ = {isa = PBXFileReference; lastKnownFileType = text.plist.xml; path = Info.plist; sourceTree = "<group>"; };
		D10F6AE62AE5311B00D37946 /* GoogleService-Info.plist */ = {isa = PBXFileReference; fileEncoding = 4; lastKnownFileType = text.plist.xml; path = "GoogleService-Info.plist"; sourceTree = "<group>"; };
/* End PBXFileReference section */

/* Begin PBXFrameworksBuildPhase section */
		D10F6ACC2AE5306A00D37946 /* Frameworks */ = {
			isa = PBXFrameworksBuildPhase;
			buildActionMask = 2147483647;
			files = (
				D10F6AEE2AE531A500D37946 /* FirebaseAnalyticsSwift in Frameworks */,
				D10F6AEA2AE531A500D37946 /* FirebaseAnalytics in Frameworks */,
				D10F6AEC2AE531A500D37946 /* FirebaseAnalyticsOnDeviceConversion in Frameworks */,
				D10F6AFB2AE534A100D37946 /* SnapKit-Dynamic in Frameworks */,
				D10F6AF92AE534A100D37946 /* SnapKit in Frameworks */,
				D10F6AF52AE532E300D37946 /* FirebaseCrashlytics in Frameworks */,
				D10F6AF22AE531A500D37946 /* FirebaseAppCheck in Frameworks */,
				D10F6AF02AE531A500D37946 /* FirebaseAnalyticsWithoutAdIdSupport in Frameworks */,
			);
			runOnlyForDeploymentPostprocessing = 0;
		};
/* End PBXFrameworksBuildPhase section */

/* Begin PBXGroup section */
		D10F6AC62AE5306A00D37946 = {
			isa = PBXGroup;
			children = (
				D10F6AD12AE5306A00D37946 /* iOSCrashlyticsChallenge */,
				D10F6AD02AE5306A00D37946 /* Products */,
				D10F6AF32AE532E300D37946 /* Frameworks */,
			);
			sourceTree = "<group>";
		};
		D10F6AD02AE5306A00D37946 /* Products */ = {
			isa = PBXGroup;
			children = (
				D10F6ACF2AE5306A00D37946 /* iOSCrashlyticsChallenge.app */,
			);
			name = Products;
			sourceTree = "<group>";
		};
		D10F6AD12AE5306A00D37946 /* iOSCrashlyticsChallenge */ = {
			isa = PBXGroup;
			children = (
				D10F6AD22AE5306A00D37946 /* AppDelegate.swift */,
				D10F6AD62AE5306A00D37946 /* ViewController.swift */,
				D10F6ADB2AE5306B00D37946 /* Assets.xcassets */,
				D10F6ADD2AE5306B00D37946 /* LaunchScreen.storyboard */,
				D10F6AE02AE5306B00D37946 /* Info.plist */,
				D10F6AE62AE5311B00D37946 /* GoogleService-Info.plist */,
			);
			path = iOSCrashlyticsChallenge;
			sourceTree = "<group>";
		};
		D10F6AF32AE532E300D37946 /* Frameworks */ = {
			isa = PBXGroup;
			children = (
			);
			name = Frameworks;
			sourceTree = "<group>";
		};
/* End PBXGroup section */

/* Begin PBXNativeTarget section */
		D10F6ACE2AE5306A00D37946 /* iOSCrashlyticsChallenge */ = {
			isa = PBXNativeTarget;
			buildConfigurationList = D10F6AE32AE5306B00D37946 /* Build configuration list for PBXNativeTarget "iOSCrashlyticsChallenge" */;
			buildPhases = (
				D10F6ACB2AE5306A00D37946 /* Sources */,
				D10F6ACC2AE5306A00D37946 /* Frameworks */,
				D10F6ACD2AE5306A00D37946 /* Resources */,
				D10F6AF62AE5336300D37946 /* ShellScript */,
			);
			buildRules = (
			);
			dependencies = (
			);
			name = iOSCrashlyticsChallenge;
			packageProductDependencies = (
				D10F6AE92AE531A500D37946 /* FirebaseAnalytics */,
				D10F6AEB2AE531A500D37946 /* FirebaseAnalyticsOnDeviceConversion */,
				D10F6AED2AE531A500D37946 /* FirebaseAnalyticsSwift */,
				D10F6AEF2AE531A500D37946 /* FirebaseAnalyticsWithoutAdIdSupport */,
				D10F6AF12AE531A500D37946 /* FirebaseAppCheck */,
				D10F6AF42AE532E300D37946 /* FirebaseCrashlytics */,
				D10F6AF82AE534A100D37946 /* SnapKit */,
				D10F6AFA2AE534A100D37946 /* SnapKit-Dynamic */,
			);
			productName = iOSCrashlyticsChallenge;
			productReference = D10F6ACF2AE5306A00D37946 /* iOSCrashlyticsChallenge.app */;
			productType = "com.apple.product-type.application";
		};
/* End PBXNativeTarget section */

/* Begin PBXProject section */
		D10F6AC72AE5306A00D37946 /* Project object */ = {
			isa = PBXProject;
			attributes = {
				BuildIndependentTargetsInParallel = 1;
				LastSwiftUpdateCheck = 1500;
				LastUpgradeCheck = 1500;
				TargetAttributes = {
					D10F6ACE2AE5306A00D37946 = {
						CreatedOnToolsVersion = 15.0;
					};
				};
			};
			buildConfigurationList = D10F6ACA2AE5306A00D37946 /* Build configuration list for PBXProject "iOSCrashlyticsChallenge" */;
			compatibilityVersion = "Xcode 14.0";
			developmentRegion = en;
			hasScannedForEncodings = 0;
			knownRegions = (
				en,
				Base,
			);
			mainGroup = D10F6AC62AE5306A00D37946;
			packageReferences = (
				D10F6AE82AE531A500D37946 /* XCRemoteSwiftPackageReference "firebase-ios-sdk" */,
				D10F6AF72AE534A100D37946 /* XCRemoteSwiftPackageReference "SnapKit" */,
			);
			productRefGroup = D10F6AD02AE5306A00D37946 /* Products */;
			projectDirPath = "";
			projectRoot = "";
			targets = (
				D10F6ACE2AE5306A00D37946 /* iOSCrashlyticsChallenge */,
			);
		};
/* End PBXProject section */

/* Begin PBXResourcesBuildPhase section */
		D10F6ACD2AE5306A00D37946 /* Resources */ = {
			isa = PBXResourcesBuildPhase;
			buildActionMask = 2147483647;
			files = (
				D10F6ADF2AE5306B00D37946 /* LaunchScreen.storyboard in Resources */,
				D10F6ADC2AE5306B00D37946 /* Assets.xcassets in Resources */,
				D10F6AE72AE5311B00D37946 /* GoogleService-Info.plist in Resources */,
			);
			runOnlyForDeploymentPostprocessing = 0;
		};
/* End PBXResourcesBuildPhase section */

/* Begin PBXShellScriptBuildPhase section */
		D10F6AF62AE5336300D37946 /* ShellScript */ = {
			isa = PBXShellScriptBuildPhase;
			buildActionMask = 2147483647;
			files = (
			);
			inputFileListPaths = (
			);
			inputPaths = (
				"${DWARF_DSYM_FOLDER_PATH}/${DWARF_DSYM_FILE_NAME}",
				"${DWARF_DSYM_FOLDER_PATH}/${DWARF_DSYM_FILE_NAME}/Contents/Resources/DWARF/${PRODUCT_NAME}",
				"${DWARF_DSYM_FOLDER_PATH}/${DWARF_DSYM_FILE_NAME}/Contents/Info.plist",
				"$(TARGET_BUILD_DIR)/$(UNLOCALIZED_RESOURCES_FOLDER_PATH)/GoogleService-Info.plist",
				"$(TARGET_BUILD_DIR)/$(EXECUTABLE_PATH)",
			);
			outputFileListPaths = (
			);
			outputPaths = (
			);
			runOnlyForDeploymentPostprocessing = 0;
			shellPath = /bin/sh;
			shellScript = "# Type a script or drag a script file from your workspace to insert its path.\n\"${BUILD_DIR%/Build/*}/SourcePackages/checkouts/firebase-ios-sdk/Crashlytics/run\"\n";
		};
/* End PBXShellScriptBuildPhase section */

/* Begin PBXSourcesBuildPhase section */
		D10F6ACB2AE5306A00D37946 /* Sources */ = {
			isa = PBXSourcesBuildPhase;
			buildActionMask = 2147483647;
			files = (
				D10F6AD72AE5306A00D37946 /* ViewController.swift in Sources */,
				D10F6AD32AE5306A00D37946 /* AppDelegate.swift in Sources */,
			);
			runOnlyForDeploymentPostprocessing = 0;
		};
/* End PBXSourcesBuildPhase section */

/* Begin PBXVariantGroup section */
		D10F6ADD2AE5306B00D37946 /* LaunchScreen.storyboard */ = {
			isa = PBXVariantGroup;
			children = (
				D10F6ADE2AE5306B00D37946 /* Base */,
			);
			name = LaunchScreen.storyboard;
			sourceTree = "<group>";
		};
/* End PBXVariantGroup section */

/* Begin XCBuildConfiguration section */
		D10F6AE12AE5306B00D37946 /* Debug */ = {
			isa = XCBuildConfiguration;
			buildSettings = {
				ALWAYS_SEARCH_USER_PATHS = NO;
				ASSETCATALOG_COMPILER_GENERATE_SWIFT_ASSET_SYMBOL_EXTENSIONS = YES;
				CLANG_ANALYZER_NONNULL = YES;
				CLANG_ANALYZER_NUMBER_OBJECT_CONVERSION = YES_AGGRESSIVE;
				CLANG_CXX_LANGUAGE_STANDARD = "gnu++20";
				CLANG_ENABLE_MODULES = YES;
				CLANG_ENABLE_OBJC_ARC = YES;
				CLANG_ENABLE_OBJC_WEAK = YES;
				CLANG_WARN_BLOCK_CAPTURE_AUTORELEASING = YES;
				CLANG_WARN_BOOL_CONVERSION = YES;
				CLANG_WARN_COMMA = YES;
				CLANG_WARN_CONSTANT_CONVERSION = YES;
				CLANG_WARN_DEPRECATED_OBJC_IMPLEMENTATIONS = YES;
				CLANG_WARN_DIRECT_OBJC_ISA_USAGE = YES_ERROR;
				CLANG_WARN_DOCUMENTATION_COMMENTS = YES;
				CLANG_WARN_EMPTY_BODY = YES;
				CLANG_WARN_ENUM_CONVERSION = YES;
				CLANG_WARN_INFINITE_RECURSION = YES;
				CLANG_WARN_INT_CONVERSION = YES;
				CLANG_WARN_NON_LITERAL_NULL_CONVERSION = YES;
				CLANG_WARN_OBJC_IMPLICIT_RETAIN_SELF = YES;
				CLANG_WARN_OBJC_LITERAL_CONVERSION = YES;
				CLANG_WARN_OBJC_ROOT_CLASS = YES_ERROR;
				CLANG_WARN_QUOTED_INCLUDE_IN_FRAMEWORK_HEADER = YES;
				CLANG_WARN_RANGE_LOOP_ANALYSIS = YES;
				CLANG_WARN_STRICT_PROTOTYPES = YES;
				CLANG_WARN_SUSPICIOUS_MOVE = YES;
				CLANG_WARN_UNGUARDED_AVAILABILITY = YES_AGGRESSIVE;
				CLANG_WARN_UNREACHABLE_CODE = YES;
				CLANG_WARN__DUPLICATE_METHOD_MATCH = YES;
				COPY_PHASE_STRIP = NO;
				DEBUG_INFORMATION_FORMAT = dwarf;
				ENABLE_STRICT_OBJC_MSGSEND = YES;
				ENABLE_TESTABILITY = YES;
				ENABLE_USER_SCRIPT_SANDBOXING = YES;
				GCC_C_LANGUAGE_STANDARD = gnu17;
				GCC_DYNAMIC_NO_PIC = NO;
				GCC_NO_COMMON_BLOCKS = YES;
				GCC_OPTIMIZATION_LEVEL = 0;
				GCC_PREPROCESSOR_DEFINITIONS = (
					"DEBUG=1",
					"$(inherited)",
				);
				GCC_WARN_64_TO_32_BIT_CONVERSION = YES;
				GCC_WARN_ABOUT_RETURN_TYPE = YES_ERROR;
				GCC_WARN_UNDECLARED_SELECTOR = YES;
				GCC_WARN_UNINITIALIZED_AUTOS = YES_AGGRESSIVE;
				GCC_WARN_UNUSED_FUNCTION = YES;
				GCC_WARN_UNUSED_VARIABLE = YES;
				IPHONEOS_DEPLOYMENT_TARGET = 17.0;
				LOCALIZATION_PREFERS_STRING_CATALOGS = YES;
				MTL_ENABLE_DEBUG_INFO = INCLUDE_SOURCE;
				MTL_FAST_MATH = YES;
				ONLY_ACTIVE_ARCH = YES;
				SDKROOT = iphoneos;
				SWIFT_ACTIVE_COMPILATION_CONDITIONS = "DEBUG $(inherited)";
				SWIFT_OPTIMIZATION_LEVEL = "-Onone";
			};
			name = Debug;
		};
		D10F6AE22AE5306B00D37946 /* Release */ = {
			isa = XCBuildConfiguration;
			buildSettings = {
				ALWAYS_SEARCH_USER_PATHS = NO;
				ASSETCATALOG_COMPILER_GENERATE_SWIFT_ASSET_SYMBOL_EXTENSIONS = YES;
				CLANG_ANALYZER_NONNULL = YES;
				CLANG_ANALYZER_NUMBER_OBJECT_CONVERSION = YES_AGGRESSIVE;
				CLANG_CXX_LANGUAGE_STANDARD = "gnu++20";
				CLANG_ENABLE_MODULES = YES;
				CLANG_ENABLE_OBJC_ARC = YES;
				CLANG_ENABLE_OBJC_WEAK = YES;
				CLANG_WARN_BLOCK_CAPTURE_AUTORELEASING = YES;
				CLANG_WARN_BOOL_CONVERSION = YES;
				CLANG_WARN_COMMA = YES;
				CLANG_WARN_CONSTANT_CONVERSION = YES;
				CLANG_WARN_DEPRECATED_OBJC_IMPLEMENTATIONS = YES;
				CLANG_WARN_DIRECT_OBJC_ISA_USAGE = YES_ERROR;
				CLANG_WARN_DOCUMENTATION_COMMENTS = YES;
				CLANG_WARN_EMPTY_BODY = YES;
				CLANG_WARN_ENUM_CONVERSION = YES;
				CLANG_WARN_INFINITE_RECURSION = YES;
				CLANG_WARN_INT_CONVERSION = YES;
				CLANG_WARN_NON_LITERAL_NULL_CONVERSION = YES;
				CLANG_WARN_OBJC_IMPLICIT_RETAIN_SELF = YES;
				CLANG_WARN_OBJC_LITERAL_CONVERSION = YES;
				CLANG_WARN_OBJC_ROOT_CLASS = YES_ERROR;
				CLANG_WARN_QUOTED_INCLUDE_IN_FRAMEWORK_HEADER = YES;
				CLANG_WARN_RANGE_LOOP_ANALYSIS = YES;
				CLANG_WARN_STRICT_PROTOTYPES = YES;
				CLANG_WARN_SUSPICIOUS_MOVE = YES;
				CLANG_WARN_UNGUARDED_AVAILABILITY = YES_AGGRESSIVE;
				CLANG_WARN_UNREACHABLE_CODE = YES;
				CLANG_WARN__DUPLICATE_METHOD_MATCH = YES;
				COPY_PHASE_STRIP = NO;
				DEBUG_INFORMATION_FORMAT = "dwarf-with-dsym";
				ENABLE_NS_ASSERTIONS = NO;
				ENABLE_STRICT_OBJC_MSGSEND = YES;
				ENABLE_USER_SCRIPT_SANDBOXING = YES;
				GCC_C_LANGUAGE_STANDARD = gnu17;
				GCC_NO_COMMON_BLOCKS = YES;
				GCC_WARN_64_TO_32_BIT_CONVERSION = YES;
				GCC_WARN_ABOUT_RETURN_TYPE = YES_ERROR;
				GCC_WARN_UNDECLARED_SELECTOR = YES;
				GCC_WARN_UNINITIALIZED_AUTOS = YES_AGGRESSIVE;
				GCC_WARN_UNUSED_FUNCTION = YES;
				GCC_WARN_UNUSED_VARIABLE = YES;
				IPHONEOS_DEPLOYMENT_TARGET = 17.0;
				LOCALIZATION_PREFERS_STRING_CATALOGS = YES;
				MTL_ENABLE_DEBUG_INFO = NO;
				MTL_FAST_MATH = YES;
				SDKROOT = iphoneos;
				SWIFT_COMPILATION_MODE = wholemodule;
				VALIDATE_PRODUCT = YES;
			};
			name = Release;
		};
		D10F6AE42AE5306B00D37946 /* Debug */ = {
			isa = XCBuildConfiguration;
			buildSettings = {
				ASSETCATALOG_COMPILER_APPICON_NAME = AppIcon;
				ASSETCATALOG_COMPILER_GLOBAL_ACCENT_COLOR_NAME = AccentColor;
				CODE_SIGN_STYLE = Automatic;
				CURRENT_PROJECT_VERSION = 1;
				DEBUG_INFORMATION_FORMAT = "dwarf-with-dsym";
				DEVELOPMENT_TEAM = H75YPV3Z3N;
				GENERATE_INFOPLIST_FILE = YES;
				INFOPLIST_FILE = iOSCrashlyticsChallenge/Info.plist;
				INFOPLIST_KEY_UIApplicationSupportsIndirectInputEvents = YES;
				INFOPLIST_KEY_UILaunchStoryboardName = LaunchScreen;
				INFOPLIST_KEY_UISupportedInterfaceOrientations_iPad = "UIInterfaceOrientationPortrait UIInterfaceOrientationPortraitUpsideDown UIInterfaceOrientationLandscapeLeft UIInterfaceOrientationLandscapeRight";
				INFOPLIST_KEY_UISupportedInterfaceOrientations_iPhone = "UIInterfaceOrientationPortrait UIInterfaceOrientationLandscapeLeft UIInterfaceOrientationLandscapeRight";
				LD_RUNPATH_SEARCH_PATHS = (
					"$(inherited)",
					"@executable_path/Frameworks",
				);
				MARKETING_VERSION = 1.0;
				PRODUCT_BUNDLE_IDENTIFIER = CVS.iOSCrashlyticsChallenge;
				PRODUCT_NAME = "$(TARGET_NAME)";
				SWIFT_EMIT_LOC_STRINGS = YES;
				SWIFT_VERSION = 5.0;
				TARGETED_DEVICE_FAMILY = "1,2";
			};
			name = Debug;
		};
		D10F6AE52AE5306B00D37946 /* Release */ = {
			isa = XCBuildConfiguration;
			buildSettings = {
				ASSETCATALOG_COMPILER_APPICON_NAME = AppIcon;
				ASSETCATALOG_COMPILER_GLOBAL_ACCENT_COLOR_NAME = AccentColor;
				CODE_SIGN_STYLE = Automatic;
				CURRENT_PROJECT_VERSION = 1;
				DEVELOPMENT_TEAM = H75YPV3Z3N;
				GENERATE_INFOPLIST_FILE = YES;
				INFOPLIST_FILE = iOSCrashlyticsChallenge/Info.plist;
				INFOPLIST_KEY_UIApplicationSupportsIndirectInputEvents = YES;
				INFOPLIST_KEY_UILaunchStoryboardName = LaunchScreen;
				INFOPLIST_KEY_UISupportedInterfaceOrientations_iPad = "UIInterfaceOrientationPortrait UIInterfaceOrientationPortraitUpsideDown UIInterfaceOrientationLandscapeLeft UIInterfaceOrientationLandscapeRight";
				INFOPLIST_KEY_UISupportedInterfaceOrientations_iPhone = "UIInterfaceOrientationPortrait UIInterfaceOrientationLandscapeLeft UIInterfaceOrientationLandscapeRight";
				LD_RUNPATH_SEARCH_PATHS = (
					"$(inherited)",
					"@executable_path/Frameworks",
				);
				MARKETING_VERSION = 1.0;
				PRODUCT_BUNDLE_IDENTIFIER = CVS.iOSCrashlyticsChallenge;
				PRODUCT_NAME = "$(TARGET_NAME)";
				SWIFT_EMIT_LOC_STRINGS = YES;
				SWIFT_VERSION = 5.0;
				TARGETED_DEVICE_FAMILY = "1,2";
			};
			name = Release;
		};
/* End XCBuildConfiguration section */

/* Begin XCConfigurationList section */
		D10F6ACA2AE5306A00D37946 /* Build configuration list for PBXProject "iOSCrashlyticsChallenge" */ = {
			isa = XCConfigurationList;
			buildConfigurations = (
				D10F6AE12AE5306B00D37946 /* Debug */,
				D10F6AE22AE5306B00D37946 /* Release */,
			);
			defaultConfigurationIsVisible = 0;
			defaultConfigurationName = Release;
		};
		D10F6AE32AE5306B00D37946 /* Build configuration list for PBXNativeTarget "iOSCrashlyticsChallenge" */ = {
			isa = XCConfigurationList;
			buildConfigurations = (
				D10F6AE42AE5306B00D37946 /* Debug */,
				D10F6AE52AE5306B00D37946 /* Release */,
			);
			defaultConfigurationIsVisible = 0;
			defaultConfigurationName = Release;
		};
/* End XCConfigurationList section */

/* Begin XCRemoteSwiftPackageReference section */
		D10F6AE82AE531A500D37946 /* XCRemoteSwiftPackageReference "firebase-ios-sdk" */ = {
			isa = XCRemoteSwiftPackageReference;
			repositoryURL = "https://github.com/firebase/firebase-ios-sdk";
			requirement = {
				kind = upToNextMajorVersion;
				minimumVersion = 10.16.0;
			};
		};
		D10F6AF72AE534A100D37946 /* XCRemoteSwiftPackageReference "SnapKit" */ = {
			isa = XCRemoteSwiftPackageReference;
			repositoryURL = "https://github.com/SnapKit/SnapKit.git";
			requirement = {
				kind = upToNextMajorVersion;
				minimumVersion = 5.6.0;
			};
		};
/* End XCRemoteSwiftPackageReference section */

/* Begin XCSwiftPackageProductDependency section */
		D10F6AE92AE531A500D37946 /* FirebaseAnalytics */ = {
			isa = XCSwiftPackageProductDependency;
			package = D10F6AE82AE531A500D37946 /* XCRemoteSwiftPackageReference "firebase-ios-sdk" */;
			productName = FirebaseAnalytics;
		};
		D10F6AEB2AE531A500D37946 /* FirebaseAnalyticsOnDeviceConversion */ = {
			isa = XCSwiftPackageProductDependency;
			package = D10F6AE82AE531A500D37946 /* XCRemoteSwiftPackageReference "firebase-ios-sdk" */;
			productName = FirebaseAnalyticsOnDeviceConversion;
		};
		D10F6AED2AE531A500D37946 /* FirebaseAnalyticsSwift */ = {
			isa = XCSwiftPackageProductDependency;
			package = D10F6AE82AE531A500D37946 /* XCRemoteSwiftPackageReference "firebase-ios-sdk" */;
			productName = FirebaseAnalyticsSwift;
		};
		D10F6AEF2AE531A500D37946 /* FirebaseAnalyticsWithoutAdIdSupport */ = {
			isa = XCSwiftPackageProductDependency;
			package = D10F6AE82AE531A500D37946 /* XCRemoteSwiftPackageReference "firebase-ios-sdk" */;
			productName = FirebaseAnalyticsWithoutAdIdSupport;
		};
		D10F6AF12AE531A500D37946 /* FirebaseAppCheck */ = {
			isa = XCSwiftPackageProductDependency;
			package = D10F6AE82AE531A500D37946 /* XCRemoteSwiftPackageReference "firebase-ios-sdk" */;
			productName = FirebaseAppCheck;
		};
		D10F6AF42AE532E300D37946 /* FirebaseCrashlytics */ = {
			isa = XCSwiftPackageProductDependency;
			package = D10F6AE82AE531A500D37946 /* XCRemoteSwiftPackageReference "firebase-ios-sdk" */;
			productName = FirebaseCrashlytics;
		};
		D10F6AF82AE534A100D37946 /* SnapKit */ = {
			isa = XCSwiftPackageProductDependency;
			package = D10F6AF72AE534A100D37946 /* XCRemoteSwiftPackageReference "SnapKit" */;
			productName = SnapKit;
		};
		D10F6AFA2AE534A100D37946 /* SnapKit-Dynamic */ = {
			isa = XCSwiftPackageProductDependency;
			package = D10F6AF72AE534A100D37946 /* XCRemoteSwiftPackageReference "SnapKit" */;
			productName = "SnapKit-Dynamic";
		};
/* End XCSwiftPackageProductDependency section */
	};
	rootObject = D10F6AC72AE5306A00D37946 /* Project object */;
}
